<?xml version="1.0" encoding="utf-8"?>
<Project ToolsVersion="4.0" xmlns="http://schemas.microsoft.com/developer/msbuild/2003">
  <ItemGroup>
    <Filter Include="Source Files">
      <UniqueIdentifier>{4FC737F1-C7A5-4376-A066-2A32D752A2FF}</UniqueIdentifier>
      <Extensions>cpp;c;cc;cxx;c++;cppm;ixx;def;odl;idl;hpj;bat;asm;asmx</Extensions>
    </Filter>
    <Filter Include="Header Files">
      <UniqueIdentifier>{93995380-89BD-4b04-88EB-625FBE52EBFB}</UniqueIdentifier>
      <Extensions>h;hh;hpp;hxx;h++;hm;inl;inc;ipp;xsd</Extensions>
    </Filter>
    <Filter Include="Resource Files">
      <UniqueIdentifier>{67DA6AB6-F800-4c08-8B7A-83BB121AAD01}</UniqueIdentifier>
      <Extensions>rc;ico;cur;bmp;dlg;rc2;rct;bin;rgs;gif;jpg;jpeg;jpe;resx;tiff;tif;png;wav;mfcribbon-ms</Extensions>
    </Filter>
  </ItemGroup>
  <ItemGroup>
    <ClInclude Include="Player.h">
      <Filter>Header Files</Filter>
    </ClInclude>
    <ClInclude Include="Enemy.h">
      <Filter>Header Files</Filter>
    </ClInclude>
    <ClInclude Include="Elf.h">
      <Filter>Header Files</Filter>
    </ClInclude>
    <ClInclude Include="Spirit.h">
      <Filter>Header Files</Filter>
    </ClInclude>
    <ClInclude Include="Math.h">
      <Filter>Header Files</Filter>
    </ClInclude>
    <ClInclude Include="AnimatedProjectile.h">
      <Filter>Header Files</Filter>
    </ClInclude>
    <ClInclude Include="Animation.h">
      <Filter>Header Files</Filter>
    </ClInclude>
    <ClInclude Include="SpiritBullet.h">
      <Filter>Header Files</Filter>
    </ClInclude>
    <ClInclude Include="Striker.h">
      <Filter>Header Files</Filter>
    </ClInclude>
    <ClInclude Include="Button.hpp">
      <Filter>Header Files</Filter>
    </ClInclude>
    <ClInclude Include="MenuScene.hpp">
      <Filter>Header Files</Filter>
    </ClInclude>
    <ClInclude Include="Background.hpp">
      <Filter>Header Files</Filter>
    </ClInclude>
    <ClInclude Include="GameState.hpp">
      <Filter>Header Files</Filter>
    </ClInclude>
    <ClInclude Include="PausePage.hpp">
      <Filter>Header Files</Filter>
    </ClInclude>
    <ClInclude Include="ScoreManager.hpp">
      <Filter>Header Files</Filter>
    </ClInclude>
    <ClInclude Include="SoundPage.hpp">
      <Filter>Header Files</Filter>
    </ClInclude>
    <ClInclude Include="State.hpp">
      <Filter>Header Files</Filter>
    </ClInclude>
    <ClInclude Include="StateManager.hpp">
      <Filter>Header Files</Filter>
    </ClInclude>
    <ClInclude Include="TrophyPage.hpp">
      <Filter>Header Files</Filter>
    </ClInclude>
    <ClInclude Include="MenuState.hpp">
      <Filter>Header Files</Filter>
    </ClInclude>
    <ClInclude Include="CollisionLayer.hpp">
      <Filter>Header Files</Filter>
    </ClInclude>
    <ClInclude Include="Tilesets.h">
      <Filter>Header Files</Filter>
    </ClInclude>
    <ClInclude Include="Camera.h">
      <Filter>Header Files</Filter>
    </ClInclude>
    <ClInclude Include="EnemyFactory.h">
      <Filter>Header Files</Filter>
    </ClInclude>
    <ClInclude Include="SpellEffect.h">
      <Filter>Header Files</Filter>
    </ClInclude>
    <ClInclude Include="Wizard.h">
      <Filter>Header Files</Filter>
    </ClInclude>
    <ClInclude Include="LeafProjectile.h">
      <Filter>Header Files</Filter>
    </ClInclude>
    <ClInclude Include="LeafBoss.h">
      <Filter>Header Files</Filter>
    </ClInclude>
    <ClInclude Include="WaterBoss.h">
      <Filter>Header Files</Filter>
    </ClInclude>
    <ClInclude Include="AudioManager.hpp">
      <Filter>Header Files</Filter>
    </ClInclude>
    <ClInclude Include="LoseState.hpp">
      <Filter>Header Files</Filter>
    </ClInclude>
    <ClInclude Include="WinState.hpp">
      <Filter>Header Files</Filter>
    </ClInclude>
    <ClInclude Include="HealthBar.h">
      <Filter>Header Files</Filter>
    </ClInclude>
    <ClInclude Include="RewardState.h">
      <Filter>Header Files</Filter>
    </ClInclude>
  </ItemGroup>
  <ItemGroup>
    <ClCompile Include="Player.cpp">
      <Filter>Source Files</Filter>
    </ClCompile>
    <ClCompile Include="Enemy.cpp">
      <Filter>Source Files</Filter>
    </ClCompile>
    <ClCompile Include="Elf.cpp">
      <Filter>Source Files</Filter>
    </ClCompile>
    <ClCompile Include="test_entity.cpp">
      <Filter>Source Files</Filter>
    </ClCompile>
    <ClCompile Include="Spirit.cpp">
      <Filter>Source Files</Filter>
    </ClCompile>
    <ClCompile Include="Math.cpp">
      <Filter>Source Files</Filter>
    </ClCompile>
    <ClCompile Include="AnimatedProjectile.cpp">
      <Filter>Source Files</Filter>
    </ClCompile>
    <ClCompile Include="Animation.cpp">
      <Filter>Source Files</Filter>
    </ClCompile>
    <ClCompile Include="SpiritBullet.cpp">
      <Filter>Source Files</Filter>
    </ClCompile>
    <ClCompile Include="Striker.cpp">
      <Filter>Source Files</Filter>
    </ClCompile>
    <ClCompile Include="Button.cpp">
      <Filter>Source Files</Filter>
    </ClCompile>
    <ClCompile Include="test_UI.cpp">
      <Filter>Source Files</Filter>
    </ClCompile>
    <ClCompile Include="Background.cpp">
      <Filter>Source Files</Filter>
    </ClCompile>
    <ClCompile Include="GameState.cpp">
      <Filter>Source Files</Filter>
    </ClCompile>
    <ClCompile Include="PausePage.cpp">
      <Filter>Source Files</Filter>
    </ClCompile>
    <ClCompile Include="ScoreManager.cpp">
      <Filter>Source Files</Filter>
    </ClCompile>
    <ClCompile Include="SoundPage.cpp">
      <Filter>Source Files</Filter>
    </ClCompile>
    <ClCompile Include="TrophyPage.cpp">
      <Filter>Source Files</Filter>
    </ClCompile>
    <ClCompile Include="MenuState.cpp">
      <Filter>Source Files</Filter>
    </ClCompile>
    <ClCompile Include="CollisionLayer.cpp">
      <Filter>Source Files</Filter>
    </ClCompile>
    <ClCompile Include="Tilesets.cpp">
      <Filter>Source Files</Filter>
    </ClCompile>
    <ClCompile Include="Camera.cpp">
      <Filter>Source Files</Filter>
    </ClCompile>
    <ClCompile Include="SpellEffect.cpp">
      <Filter>Source Files</Filter>
    </ClCompile>
    <ClCompile Include="Wizard.cpp">
      <Filter>Source Files</Filter>
    </ClCompile>
    <ClCompile Include="LeafProjectile.cpp">
      <Filter>Source Files</Filter>
    </ClCompile>
    <ClCompile Include="LeafBoss.cpp">
      <Filter>Source Files</Filter>
    </ClCompile>
    <ClCompile Include="WaterBoss.cpp">
      <Filter>Source Files</Filter>
    </ClCompile>
    <ClCompile Include="AudioManager.cpp">
      <Filter>Source Files</Filter>
    </ClCompile>
    <ClCompile Include="LoseState.cpp">
      <Filter>Source Files</Filter>
    </ClCompile>
    <ClCompile Include="WinState.cpp">
      <Filter>Source Files</Filter>
    </ClCompile>
    <ClCompile Include="HealthBar.cpp">
      <Filter>Source Files</Filter>
    </ClCompile>
  </ItemGroup>
  <ItemGroup>
    <Text Include="scores.txt" />
    <Text Include="Assets\readme.txt" />
  </ItemGroup>
  <ItemGroup>
    <Image Include="image\Menu\backgroundMenu.jpg">
      <Filter>Resource Files</Filter>
    </Image>
    <Image Include="image\icon\volumeOn_icon.png">
      <Filter>Resource Files</Filter>
    </Image>
    <Image Include="image\icon\volumeOff_icon.png">
      <Filter>Resource Files</Filter>
    </Image>
    <Image Include="image\icon\trophy_icon2.png">
      <Filter>Resource Files</Filter>
    </Image>
    <Image Include="image\icon\trophy_icon.png">
      <Filter>Resource Files</Filter>
    </Image>
    <Image Include="image\icon\sound_icon2.png">
      <Filter>Resource Files</Filter>
    </Image>
    <Image Include="image\icon\sound_icon.png">
      <Filter>Resource Files</Filter>
    </Image>
    <Image Include="image\icon\resume_icon.png">
      <Filter>Resource Files</Filter>
    </Image>
    <Image Include="image\icon\pause_icon.png">
      <Filter>Resource Files</Filter>
    </Image>
    <Image Include="image\icon\home_icon.png">
      <Filter>Resource Files</Filter>
    </Image>
    <Image Include="image\backgroundGame1\background_2.png">
      <Filter>Resource Files</Filter>
    </Image>
    <Image Include="image\backgroundGame1\background_1.png">
      <Filter>Resource Files</Filter>
    </Image>
    <Image Include="image\backgroundGame2\background_0.png">
      <Filter>Resource Files</Filter>
    </Image>
    <Image Include="image\backgroundGame2\background_1.png">
      <Filter>Resource Files</Filter>
    </Image>
    <Image Include="image\backgroundGame2\background_2.png">
      <Filter>Resource Files</Filter>
    </Image>
    <Image Include="image\tile\tileset1.png">
      <Filter>Resource Files</Filter>
    </Image>
    <Image Include="image\tile\tileset2.png">
      <Filter>Resource Files</Filter>
    </Image>
    <Image Include="image\backgroundGame1\background_3.png">
      <Filter>Resource Files</Filter>
    </Image>
  </ItemGroup>
  <ItemGroup>
    <Font Include="font\Roboto.ttf" />
    <Font Include="font\PressStart2P-Regular.ttf" />
    <Font Include="font\Merriweather-VariableFont_opsz,wdth,wght.ttf" />
    <Font Include="font\ManufacturingConsent-Regular.ttf" />
    <Font Include="font\cursive.ttf" />
  </ItemGroup>
</Project>